Microsoft Visual Studio Solution File, Format Version 12.00
# Visual Studio Version 16
VisualStudioVersion = 16.0.30011.22
MinimumVisualStudioVersion = 10.0.40219.1
Project("{9A19103F-16F7-4668-BE54-9A1E7A4F7556}") = "User.Service", "User.Service\User.Service.csproj", "{04A89698-0022-4D2B-86E9-872519D11BB9}"
EndProject
Project("{9A19103F-16F7-4668-BE54-9A1E7A4F7556}") = "User.API", "User.API\User.API.csproj", "{047385C6-C104-47F3-A070-72BDA123D840}"
EndProject
Project("{E53339B2-1760-4266-BCC7-CA923CBCF16C}") = "docker-compose", "docker-compose.dcproj", "{BF6F312A-817E-4B63-AF4E-5373E9D414E3}"
EndProject
Global
	GlobalSection(SolutionConfigurationPlatforms) = preSolution
		Debug|Any CPU = Debug|Any CPU
		Release|Any CPU = Release|Any CPU
	EndGlobalSection
	GlobalSection(ProjectConfigurationPlatforms) = postSolution
		{04A89698-0022-4D2B-86E9-872519D11BB9}.Debug|Any CPU.ActiveCfg = Debug|Any CPU
		{04A89698-0022-4D2B-86E9-872519D11BB9}.Debug|Any CPU.Build.0 = Debug|Any CPU
		{04A89698-0022-4D2B-86E9-872519D11BB9}.Release|Any CPU.ActiveCfg = Release|Any CPU
		{04A89698-0022-4D2B-86E9-872519D11BB9}.Release|Any CPU.Build.0 = Release|Any CPU
		{047385C6-C104-47F3-A070-72BDA123D840}.Debug|Any CPU.ActiveCfg = Debug|Any CPU
		{047385C6-C104-47F3-A070-72BDA123D840}.Debug|Any CPU.Build.0 = Debug|Any CPU
		{047385C6-C104-47F3-A070-72BDA123D840}.Release|Any CPU.ActiveCfg = Release|Any CPU
		{047385C6-C104-47F3-A070-72BDA123D840}.Release|Any CPU.Build.0 = Release|Any CPU
		{BF6F312A-817E-4B63-AF4E-5373E9D414E3}.Debug|Any CPU.ActiveCfg = Debug|Any CPU
		{BF6F312A-817E-4B63-AF4E-5373E9D414E3}.Debug|Any CPU.Build.0 = Debug|Any CPU
		{BF6F312A-817E-4B63-AF4E-5373E9D414E3}.Release|Any CPU.ActiveCfg = Release|Any CPU
		{BF6F312A-817E-4B63-AF4E-5373E9D414E3}.Release|Any CPU.Build.0 = Release|Any CPU
	EndGlobalSection
	GlobalSection(SolutionProperties) = preSolution
		HideSolutionNode = FALSE
	EndGlobalSection
	GlobalSection(ExtensibilityGlobals) = postSolution
		SolutionGuid = {310838DA-1734-45B7-89A7-A2CB251858AF}
	EndGlobalSection
EndGlobal
